
Microsoft Visual Studio Solution File, Format Version 12.00
# Visual Studio 14
VisualStudioVersion = 14.0.25420.1
MinimumVisualStudioVersion = 10.0.40219.1
Project("{FAE04EC0-301F-11D3-BF4B-00C04F79EFBC}") = "WebApplication2", "WebApplication2\WebApplication2.csproj", "{9B9BB94C-6357-412E-AFC5-35BFE15EF9C3}"
EndProject
Project("{FAE04EC0-301F-11D3-BF4B-00C04F79EFBC}") = "UnitTests", "UnitTests\UnitTests.csproj", "{54151E2D-00A8-49F4-B770-8EC5852EF89F}"
EndProject
Project("{FAE04EC0-301F-11D3-BF4B-00C04F79EFBC}") = "RestAPI", "RestAPI\RestAPI.csproj", "{F67F98FB-5852-40CA-ACBA-0E3DECD565CA}"
EndProject
Global
	GlobalSection(SolutionConfigurationPlatforms) = preSolution
		Debug|Any CPU = Debug|Any CPU
		Release|Any CPU = Release|Any CPU
	EndGlobalSection
	GlobalSection(ProjectConfigurationPlatforms) = postSolution
		{9B9BB94C-6357-412E-AFC5-35BFE15EF9C3}.Debug|Any CPU.ActiveCfg = Debug|Any CPU
		{9B9BB94C-6357-412E-AFC5-35BFE15EF9C3}.Debug|Any CPU.Build.0 = Debug|Any CPU
		{9B9BB94C-6357-412E-AFC5-35BFE15EF9C3}.Release|Any CPU.ActiveCfg = Release|Any CPU
		{9B9BB94C-6357-412E-AFC5-35BFE15EF9C3}.Release|Any CPU.Build.0 = Release|Any CPU
		{54151E2D-00A8-49F4-B770-8EC5852EF89F}.Debug|Any CPU.ActiveCfg = Debug|Any CPU
		{54151E2D-00A8-49F4-B770-8EC5852EF89F}.Debug|Any CPU.Build.0 = Debug|Any CPU
		{54151E2D-00A8-49F4-B770-8EC5852EF89F}.Release|Any CPU.ActiveCfg = Release|Any CPU
		{54151E2D-00A8-49F4-B770-8EC5852EF89F}.Release|Any CPU.Build.0 = Release|Any CPU
		{F67F98FB-5852-40CA-ACBA-0E3DECD565CA}.Debug|Any CPU.ActiveCfg = Debug|Any CPU
		{F67F98FB-5852-40CA-ACBA-0E3DECD565CA}.Debug|Any CPU.Build.0 = Debug|Any CPU
		{F67F98FB-5852-40CA-ACBA-0E3DECD565CA}.Release|Any CPU.ActiveCfg = Release|Any CPU
		{F67F98FB-5852-40CA-ACBA-0E3DECD565CA}.Release|Any CPU.Build.0 = Release|Any CPU
	EndGlobalSection
	GlobalSection(SolutionProperties) = preSolution
		HideSolutionNode = FALSE
	EndGlobalSection
EndGlobal
